// !$*UTF8*$!
{
	archiveVersion = 1;
	classes = {
	};
	objectVersion = 46;
	objects = {

/* Begin PBXBuildFile section */
		C6146CB8149837CF0049115C /* UIKit.framework in Frameworks */ = {isa = PBXBuildFile; fileRef = C6146CB7149837CF0049115C /* UIKit.framework */; };
		C6146CBA149837CF0049115C /* Foundation.framework in Frameworks */ = {isa = PBXBuildFile; fileRef = C6146CB9149837CF0049115C /* Foundation.framework */; };
		C6146CBC149837CF0049115C /* CoreGraphics.framework in Frameworks */ = {isa = PBXBuildFile; fileRef = C6146CBB149837CF0049115C /* CoreGraphics.framework */; };
		C6146CC2149837CF0049115C /* InfoPlist.strings in Resources */ = {isa = PBXBuildFile; fileRef = C6146CC0149837CF0049115C /* InfoPlist.strings */; };
		C6146CC4149837CF0049115C /* main.m in Sources */ = {isa = PBXBuildFile; fileRef = C6146CC3149837CF0049115C /* main.m */; };
		C6146CC8149837CF0049115C /* SearchControllerAppDelegate.m in Sources */ = {isa = PBXBuildFile; fileRef = C6146CC7149837CF0049115C /* SearchControllerAppDelegate.m */; };
		C6146CCB149837CF0049115C /* SearchControllerViewController.m in Sources */ = {isa = PBXBuildFile; fileRef = C6146CCA149837CF0049115C /* SearchControllerViewController.m */; };
		C6146CCE149837D00049115C /* SearchControllerViewController.xib in Resources */ = {isa = PBXBuildFile; fileRef = C6146CCC149837D00049115C /* SearchControllerViewController.xib */; };
/* End PBXBuildFile section */

/* Begin PBXFileReference section */
		C6146CB3149837CF0049115C /* iOS.app */ = {isa = PBXFileReference; explicitFileType = wrapper.application; includeInIndex = 0; path = iOS.app; sourceTree = BUILT_PRODUCTS_DIR; };
		C6146CB7149837CF0049115C /* UIKit.framework */ = {isa = PBXFileReference; lastKnownFileType = wrapper.framework; name = UIKit.framework; path = System/Library/Frameworks/UIKit.framework; sourceTree = SDKROOT; };
		C6146CB9149837CF0049115C /* Foundation.framework */ = {isa = PBXFileReference; lastKnownFileType = wrapper.framework; name = Foundation.framework; path = System/Library/Frameworks/Foundation.framework; sourceTree = SDKROOT; };
		C6146CBB149837CF0049115C /* CoreGraphics.framework */ = {isa = PBXFileReference; lastKnownFileType = wrapper.framework; name = CoreGraphics.framework; path = System/Library/Frameworks/CoreGraphics.framework; sourceTree = SDKROOT; };
		C6146CBF149837CF0049115C /* iOS-Info.plist */ = {isa = PBXFileReference; path = "iOS-Info.plist"; sourceTree = "<group>"; };
		C6146CC1149837CF0049115C /* en */ = {isa = PBXFileReference; lastKnownFileType = text.plist.strings; name = en; path = en.lproj/InfoPlist.strings; sourceTree = "<group>"; };
		C6146CC3149837CF0049115C /* main.m */ = {isa = PBXFileReference; lastKnownFileType = sourcecode.c.objc; path = main.m; sourceTree = "<group>"; };
		C6146CC5149837CF0049115C /* iOS-Prefix.pch */ = {isa = PBXFileReference; path = "iOS-Prefix.pch"; sourceTree = "<group>"; };
		C6146CC6149837CF0049115C /* SearchControllerAppDelegate.h */ = {isa = PBXFileReference; path = SearchControllerAppDelegate.h; sourceTree = "<group>"; };
		C6146CC7149837CF0049115C /* SearchControllerAppDelegate.m */ = {isa = PBXFileReference; lastKnownFileType = sourcecode.c.objc; path = SearchControllerAppDelegate.m; sourceTree = "<group>"; };
		C6146CC9149837CF0049115C /* SearchControllerViewController.h */ = {isa = PBXFileReference; path = SearchControllerViewController.h; sourceTree = "<group>"; };
		C6146CCA149837CF0049115C /* SearchControllerViewController.m */ = {isa = PBXFileReference; lastKnownFileType = sourcecode.c.objc; path = SearchControllerViewController.m; sourceTree = "<group>"; };
		C6146CCD149837D00049115C /* en */ = {isa = PBXFileReference; lastKnownFileType = file.xib; name = en; path = en.lproj/SearchControllerViewController.xib; sourceTree = "<group>"; };
/* End PBXFileReference section */

/* Begin PBXFrameworksBuildPhase section */
		C6146CB0149837CF0049115C /* Frameworks */ = {
			isa = PBXFrameworksBuildPhase;
			buildActionMask = 2147483647;
			files = (
				C6146CB8149837CF0049115C /* UIKit.framework in Frameworks */,
				C6146CBA149837CF0049115C /* Foundation.framework in Frameworks */,
				C6146CBC149837CF0049115C /* CoreGraphics.framework in Frameworks */,
			);
			runOnlyForDeploymentPostprocessing = 0;
		};
/* End PBXFrameworksBuildPhase section */

/* Begin PBXGroup section */
		C6146CA8149837CF0049115C = {
			isa = PBXGroup;
			children = (
				C6146CBD149837CF0049115C /* iOS */,
				C6146CB6149837CF0049115C /* Frameworks */,
				C6146CB4149837CF0049115C /* Products */,
			);
			sourceTree = "<group>";
		};
		C6146CB4149837CF0049115C /* Products */ = {
			isa = PBXGroup;
			children = (
				C6146CB3149837CF0049115C /* iOS.app */,
			);
			name = Products;
			sourceTree = "<group>";
		};
		C6146CB6149837CF0049115C /* Frameworks */ = {
			isa = PBXGroup;
			children = (
				C6146CB7149837CF0049115C /* UIKit.framework */,
				C6146CB9149837CF0049115C /* Foundation.framework */,
				C6146CBB149837CF0049115C /* CoreGraphics.framework */,
			);
			name = Frameworks;
			sourceTree = "<group>";
		};
		C6146CBD149837CF0049115C /* iOS */ = {
			isa = PBXGroup;
			children = (
				C6146CC6149837CF0049115C /* SearchControllerAppDelegate.h */,
				C6146CC7149837CF0049115C /* SearchControllerAppDelegate.m */,
				C6146CC9149837CF0049115C /* SearchControllerViewController.h */,
				C6146CCA149837CF0049115C /* SearchControllerViewController.m */,
				C6146CCC149837D00049115C /* SearchControllerViewController.xib */,
				C6146CBE149837CF0049115C /* Supporting Files */,
			);
			path = iOS;
			sourceTree = "<group>";
		};
		C6146CBE149837CF0049115C /* Supporting Files */ = {
			isa = PBXGroup;
			children = (
				C6146CBF149837CF0049115C /* iOS-Info.plist */,
				C6146CC0149837CF0049115C /* InfoPlist.strings */,
				C6146CC3149837CF0049115C /* main.m */,
				C6146CC5149837CF0049115C /* iOS-Prefix.pch */,
			);
			name = "Supporting Files";
			sourceTree = "<group>";
		};
/* End PBXGroup section */

/* Begin PBXNativeTarget section */
		C6146CB2149837CF0049115C /* iOS */ = {
			isa = PBXNativeTarget;
			buildConfigurationList = C6146CD1149837D00049115C /* Build configuration list for PBXNativeTarget "iOS" */;
			buildPhases = (
				C6146CAF149837CF0049115C /* Sources */,
				C6146CB0149837CF0049115C /* Frameworks */,
				C6146CB1149837CF0049115C /* Resources */,
			);
			buildRules = (
			);
			dependencies = (
			);
			name = iOS;
			productName = iOS;
			productReference = C6146CB3149837CF0049115C /* iOS.app */;
			productType = "com.apple.product-type.application";
		};
/* End PBXNativeTarget section */

/* Begin PBXProject section */
		C6146CAA149837CF0049115C /* Project object */ = {
			isa = PBXProject;
			attributes = {
				LastUpgradeCheck = 0420;
				ORGANIZATIONNAME = Phunware;
			};
			buildConfigurationList = C6146CAD149837CF0049115C /* Build configuration list for PBXProject "iOS" */;
			compatibilityVersion = "Xcode 3.2";
			developmentRegion = English;
			hasScannedForEncodings = 0;
			knownRegions = (
				en,
			);
			mainGroup = C6146CA8149837CF0049115C;
			productRefGroup = C6146CB4149837CF0049115C /* Products */;
			projectDirPath = "";
			projectRoot = "";
			targets = (
				C6146CB2149837CF0049115C /* iOS */,
			);
		};
/* End PBXProject section */

/* Begin PBXResourcesBuildPhase section */
		C6146CB1149837CF0049115C /* Resources */ = {
			isa = PBXResourcesBuildPhase;
			buildActionMask = 2147483647;
			files = (
				C6146CC2149837CF0049115C /* InfoPlist.strings in Resources */,
				C6146CCE149837D00049115C /* SearchControllerViewController.xib in Resources */,
			);
			runOnlyForDeploymentPostprocessing = 0;
		};
/* End PBXResourcesBuildPhase section */

/* Begin PBXSourcesBuildPhase section */
		C6146CAF149837CF0049115C /* Sources */ = {
			isa = PBXSourcesBuildPhase;
			buildActionMask = 2147483647;
			files = (
				C6146CC4149837CF0049115C /* main.m in Sources */,
				C6146CC8149837CF0049115C /* SearchControllerAppDelegate.m in Sources */,
				C6146CCB149837CF0049115C /* SearchControllerViewController.m in Sources */,
			);
			runOnlyForDeploymentPostprocessing = 0;
		};
/* End PBXSourcesBuildPhase section */

/* Begin PBXVariantGroup section */
		C6146CC0149837CF0049115C /* InfoPlist.strings */ = {
			isa = PBXVariantGroup;
			children = (
				C6146CC1149837CF0049115C /* en */,
			);
			name = InfoPlist.strings;
			sourceTree = "<group>";
		};
		C6146CCC149837D00049115C /* SearchControllerViewController.xib */ = {
			isa = PBXVariantGroup;
			children = (
				C6146CCD149837D00049115C /* en */,
			);
			name = SearchControllerViewController.xib;
			sourceTree = "<group>";
		};
/* End PBXVariantGroup section */

/* Begin XCBuildConfiguration section */
		C6146CCF149837D00049115C /* Debug */ = {
			isa = XCBuildConfiguration;
			buildSettings = {
				ALWAYS_SEARCH_USER_PATHS = NO;
				ARCHS = "$(ARCHS_STANDARD_32_BIT)";
				"CODE_SIGN_IDENTITY[sdk=iphoneos*]" = "iPhone Developer";
				COPY_PHASE_STRIP = NO;
				GCC_C_LANGUAGE_STANDARD = gnu99;
				GCC_DYNAMIC_NO_PIC = NO;
				GCC_OPTIMIZATION_LEVEL = 0;
				GCC_PREPROCESSOR_DEFINITIONS = (
					"DEBUG=1",
					"$(inherited)",
				);
				GCC_SYMBOLS_PRIVATE_EXTERN = NO;
				GCC_VERSION = com.apple.compilers.llvm.clang.1_0;
				GCC_WARN_ABOUT_MISSING_PROTOTYPES = YES;
				GCC_WARN_ABOUT_RETURN_TYPE = YES;
				GCC_WARN_UNUSED_VARIABLE = YES;
				IPHONEOS_DEPLOYMENT_TARGET = 5.0;
				SDKROOT = iphoneos;
			};
			name = Debug;
		};
		C6146CD0149837D00049115C /* Release */ = {
			isa = XCBuildConfiguration;
			buildSettings = {
				ALWAYS_SEARCH_USER_PATHS = NO;
				ARCHS = "$(ARCHS_STANDARD_32_BIT)";
				"CODE_SIGN_IDENTITY[sdk=iphoneos*]" = "iPhone Developer";
				COPY_PHASE_STRIP = YES;
				GCC_C_LANGUAGE_STANDARD = gnu99;
				GCC_VERSION = com.apple.compilers.llvm.clang.1_0;
				GCC_WARN_ABOUT_MISSING_PROTOTYPES = YES;
				GCC_WARN_ABOUT_RETURN_TYPE = YES;
				GCC_WARN_UNUSED_VARIABLE = YES;
				IPHONEOS_DEPLOYMENT_TARGET = 5.0;
				OTHER_CFLAGS = "-DNS_BLOCK_ASSERTIONS=1";
				SDKROOT = iphoneos;
				VALIDATE_PRODUCT = YES;
			};
			name = Release;
		};
		C6146CD2149837D00049115C /* Debug */ = {
			isa = XCBuildConfiguration;
			buildSettings = {
				GCC_PRECOMPILE_PREFIX_HEADER = YES;
				GCC_PREFIX_HEADER = "iOS/iOS-Prefix.pch";
				INFOPLIST_FILE = "iOS/iOS-Info.plist";
				PRODUCT_NAME = "$(TARGET_NAME)";
				WRAPPER_EXTENSION = app;
			};
			name = Debug;
		};
		C6146CD3149837D00049115C /* Release */ = {
			isa = XCBuildConfiguration;
			buildSettings = {
				GCC_PRECOMPILE_PREFIX_HEADER = YES;
				GCC_PREFIX_HEADER = "iOS/iOS-Prefix.pch";
				INFOPLIST_FILE = "iOS/iOS-Info.plist";
				PRODUCT_NAME = "$(TARGET_NAME)";
				WRAPPER_EXTENSION = app;
			};
			name = Release;
		};
/* End XCBuildConfiguration section */

/* Begin XCConfigurationList section */
		C6146CAD149837CF0049115C /* Build configuration list for PBXProject "iOS" */ = {
			isa = XCConfigurationList;
			buildConfigurations = (
				C6146CCF149837D00049115C /* Debug */,
				C6146CD0149837D00049115C /* Release */,
			);
			defaultConfigurationIsVisible = 0;
			defaultConfigurationName = Release;
		};
		C6146CD1149837D00049115C /* Build configuration list for PBXNativeTarget "iOS" */ = {
			isa = XCConfigurationList;
			buildConfigurations = (
				C6146CD2149837D00049115C /* Debug */,
				C6146CD3149837D00049115C /* Release */,
			);
			defaultConfigurationIsVisible = 0;
		};
/* End XCConfigurationList section */
	};
	rootObject = C6146CAA149837CF0049115C /* Project object */;
}
